
Microsoft Visual Studio Solution File, Format Version 12.00
# Visual Studio Version 16
VisualStudioVersion = 16.0.30413.136
MinimumVisualStudioVersion = 10.0.40219.1
Project("{FAE04EC0-301F-11D3-BF4B-00C04F79EFBC}") = "PasswordGenerator", "PasswordGenerator\PasswordGenerator.csproj", "{14BE10DB-A4EB-4144-9FCB-06ADB230598F}"
EndProject
Project("{FAE04EC0-301F-11D3-BF4B-00C04F79EFBC}") = "DataBindExample", "DataBindExample\DataBindExample.csproj", "{AD3006A8-C36F-44C6-B554-9B1C4C2EF36F}"
EndProject
Project("{FAE04EC0-301F-11D3-BF4B-00C04F79EFBC}") = "RentACar", "RentACar\RentACar.csproj", "{2553276A-FC3C-4B2A-B93B-91E118CA4EA8}"
EndProject
Global
	GlobalSection(SolutionConfigurationPlatforms) = preSolution
		Debug|Any CPU = Debug|Any CPU
		Release|Any CPU = Release|Any CPU
	EndGlobalSection
	GlobalSection(ProjectConfigurationPlatforms) = postSolution
		{14BE10DB-A4EB-4144-9FCB-06ADB230598F}.Debug|Any CPU.ActiveCfg = Debug|Any CPU
		{14BE10DB-A4EB-4144-9FCB-06ADB230598F}.Debug|Any CPU.Build.0 = Debug|Any CPU
		{14BE10DB-A4EB-4144-9FCB-06ADB230598F}.Release|Any CPU.ActiveCfg = Release|Any CPU
		{14BE10DB-A4EB-4144-9FCB-06ADB230598F}.Release|Any CPU.Build.0 = Release|Any CPU
		{AD3006A8-C36F-44C6-B554-9B1C4C2EF36F}.Debug|Any CPU.ActiveCfg = Debug|Any CPU
		{AD3006A8-C36F-44C6-B554-9B1C4C2EF36F}.Debug|Any CPU.Build.0 = Debug|Any CPU
		{AD3006A8-C36F-44C6-B554-9B1C4C2EF36F}.Release|Any CPU.ActiveCfg = Release|Any CPU
		{AD3006A8-C36F-44C6-B554-9B1C4C2EF36F}.Release|Any CPU.Build.0 = Release|Any CPU
		{2553276A-FC3C-4B2A-B93B-91E118CA4EA8}.Debug|Any CPU.ActiveCfg = Debug|Any CPU
		{2553276A-FC3C-4B2A-B93B-91E118CA4EA8}.Debug|Any CPU.Build.0 = Debug|Any CPU
		{2553276A-FC3C-4B2A-B93B-91E118CA4EA8}.Release|Any CPU.ActiveCfg = Release|Any CPU
		{2553276A-FC3C-4B2A-B93B-91E118CA4EA8}.Release|Any CPU.Build.0 = Release|Any CPU
	EndGlobalSection
	GlobalSection(SolutionProperties) = preSolution
		HideSolutionNode = FALSE
	EndGlobalSection
	GlobalSection(ExtensibilityGlobals) = postSolution
		SolutionGuid = {2EECF3E4-85E9-4DF8-B9A3-3071A36DE555}
	EndGlobalSection
EndGlobal
